
Microsoft Visual Studio Solution File, Format Version 12.00
# Visual Studio 15
VisualStudioVersion = 15.0.27428.2037
MinimumVisualStudioVersion = 10.0.40219.1
Project("{FAE04EC0-301F-11D3-BF4B-00C04F79EFBC}") = "CoreIdentity", "CoreIdentity\CoreIdentity.csproj", "{8C1287B4-3D9C-4F80-A63A-20914548CBA5}"
EndProject
Project("{FAE04EC0-301F-11D3-BF4B-00C04F79EFBC}") = "CoreIdentity.Bootstrapper", "CoreIdentity.Bootstrapper\CoreIdentity.Bootstrapper.csproj", "{E097C078-364A-4B2B-A348-C2EE9F1C3E47}"
EndProject
Project("{FAE04EC0-301F-11D3-BF4B-00C04F79EFBC}") = "CoreIdentity.Core", "CoreIdentity.Core\CoreIdentity.Core.csproj", "{FC415741-3E7F-4AAF-ADA1-DB194E93F274}"
EndProject
Project("{FAE04EC0-301F-11D3-BF4B-00C04F79EFBC}") = "CoreIdentity.Data", "CoreIdentity.Data\CoreIdentity.Data.csproj", "{DA8C3E7B-046A-4031-B105-543B0841CA4E}"
EndProject
Project("{FAE04EC0-301F-11D3-BF4B-00C04F79EFBC}") = "CoreIdentity.Infrastructure", "CoreIdentity.Infrastructure\CoreIdentity.Infrastructure.csproj", "{FED6D54B-E0BB-4A00-927D-90BFF43AA1E4}"
EndProject
Project("{FAE04EC0-301F-11D3-BF4B-00C04F79EFBC}") = "CoreIdentity.Test", "CoreIdentity.Test\CoreIdentity.Test.csproj", "{8DA77891-7496-4F2D-85EF-CE03C8286681}"
EndProject
Global
	GlobalSection(SolutionConfigurationPlatforms) = preSolution
		Debug|Any CPU = Debug|Any CPU
		Release|Any CPU = Release|Any CPU
	EndGlobalSection
	GlobalSection(ProjectConfigurationPlatforms) = postSolution
		{8C1287B4-3D9C-4F80-A63A-20914548CBA5}.Debug|Any CPU.ActiveCfg = Debug|Any CPU
		{8C1287B4-3D9C-4F80-A63A-20914548CBA5}.Debug|Any CPU.Build.0 = Debug|Any CPU
		{8C1287B4-3D9C-4F80-A63A-20914548CBA5}.Release|Any CPU.ActiveCfg = Release|Any CPU
		{8C1287B4-3D9C-4F80-A63A-20914548CBA5}.Release|Any CPU.Build.0 = Release|Any CPU
		{E097C078-364A-4B2B-A348-C2EE9F1C3E47}.Debug|Any CPU.ActiveCfg = Debug|Any CPU
		{E097C078-364A-4B2B-A348-C2EE9F1C3E47}.Debug|Any CPU.Build.0 = Debug|Any CPU
		{E097C078-364A-4B2B-A348-C2EE9F1C3E47}.Release|Any CPU.ActiveCfg = Release|Any CPU
		{E097C078-364A-4B2B-A348-C2EE9F1C3E47}.Release|Any CPU.Build.0 = Release|Any CPU
		{FC415741-3E7F-4AAF-ADA1-DB194E93F274}.Debug|Any CPU.ActiveCfg = Debug|Any CPU
		{FC415741-3E7F-4AAF-ADA1-DB194E93F274}.Debug|Any CPU.Build.0 = Debug|Any CPU
		{FC415741-3E7F-4AAF-ADA1-DB194E93F274}.Release|Any CPU.ActiveCfg = Release|Any CPU
		{FC415741-3E7F-4AAF-ADA1-DB194E93F274}.Release|Any CPU.Build.0 = Release|Any CPU
		{DA8C3E7B-046A-4031-B105-543B0841CA4E}.Debug|Any CPU.ActiveCfg = Debug|Any CPU
		{DA8C3E7B-046A-4031-B105-543B0841CA4E}.Debug|Any CPU.Build.0 = Debug|Any CPU
		{DA8C3E7B-046A-4031-B105-543B0841CA4E}.Release|Any CPU.ActiveCfg = Release|Any CPU
		{DA8C3E7B-046A-4031-B105-543B0841CA4E}.Release|Any CPU.Build.0 = Release|Any CPU
		{FED6D54B-E0BB-4A00-927D-90BFF43AA1E4}.Debug|Any CPU.ActiveCfg = Debug|Any CPU
		{FED6D54B-E0BB-4A00-927D-90BFF43AA1E4}.Debug|Any CPU.Build.0 = Debug|Any CPU
		{FED6D54B-E0BB-4A00-927D-90BFF43AA1E4}.Release|Any CPU.ActiveCfg = Release|Any CPU
		{FED6D54B-E0BB-4A00-927D-90BFF43AA1E4}.Release|Any CPU.Build.0 = Release|Any CPU
		{8DA77891-7496-4F2D-85EF-CE03C8286681}.Debug|Any CPU.ActiveCfg = Debug|Any CPU
		{8DA77891-7496-4F2D-85EF-CE03C8286681}.Debug|Any CPU.Build.0 = Debug|Any CPU
		{8DA77891-7496-4F2D-85EF-CE03C8286681}.Release|Any CPU.ActiveCfg = Release|Any CPU
		{8DA77891-7496-4F2D-85EF-CE03C8286681}.Release|Any CPU.Build.0 = Release|Any CPU
	EndGlobalSection
	GlobalSection(SolutionProperties) = preSolution
		HideSolutionNode = FALSE
	EndGlobalSection
	GlobalSection(ExtensibilityGlobals) = postSolution
		SolutionGuid = {78362155-D121-42A1-9B2B-3FD1988B0BA2}
	EndGlobalSection
EndGlobal
